
Microsoft Visual Studio Solution File, Format Version 12.00
# Visual Studio Version 16
VisualStudioVersion = 16.0.30621.155
MinimumVisualStudioVersion = 10.0.40219.1
Project("{FAE04EC0-301F-11D3-BF4B-00C04F79EFBC}") = "Homura", "Homura\Homura.csproj", "{61479EA0-7CC7-46C8-A54C-30325AD08BDF}"
EndProject
Project("{FAE04EC0-301F-11D3-BF4B-00C04F79EFBC}") = "Homura.Test", "Homura.Test\Homura.Test.csproj", "{82098222-623A-4B30-B980-8DDC8553E174}"
EndProject
Global
	GlobalSection(SolutionConfigurationPlatforms) = preSolution
		Debug|Any CPU = Debug|Any CPU
		Release|Any CPU = Release|Any CPU
	EndGlobalSection
	GlobalSection(ProjectConfigurationPlatforms) = postSolution
		{61479EA0-7CC7-46C8-A54C-30325AD08BDF}.Debug|Any CPU.ActiveCfg = Debug|Any CPU
		{61479EA0-7CC7-46C8-A54C-30325AD08BDF}.Debug|Any CPU.Build.0 = Debug|Any CPU
		{61479EA0-7CC7-46C8-A54C-30325AD08BDF}.Release|Any CPU.ActiveCfg = Release|Any CPU
		{61479EA0-7CC7-46C8-A54C-30325AD08BDF}.Release|Any CPU.Build.0 = Release|Any CPU
		{82098222-623A-4B30-B980-8DDC8553E174}.Debug|Any CPU.ActiveCfg = Debug|Any CPU
		{82098222-623A-4B30-B980-8DDC8553E174}.Debug|Any CPU.Build.0 = Debug|Any CPU
		{82098222-623A-4B30-B980-8DDC8553E174}.Release|Any CPU.ActiveCfg = Release|Any CPU
		{82098222-623A-4B30-B980-8DDC8553E174}.Release|Any CPU.Build.0 = Release|Any CPU
	EndGlobalSection
	GlobalSection(SolutionProperties) = preSolution
		HideSolutionNode = FALSE
	EndGlobalSection
	GlobalSection(ExtensibilityGlobals) = postSolution
		SolutionGuid = {583785A7-011F-42C4-98B4-05C223CE83F2}
	EndGlobalSection
EndGlobal
